
Microsoft Visual Studio Solution File, Format Version 12.00
# Visual Studio Version 17
VisualStudioVersion = 17.14.36915.13
MinimumVisualStudioVersion = 10.0.40219.1
Project("{8BC9CEB8-8B4A-11D0-8D11-00A0C91BC942}") = "CPP23-for-Game-Programming", "CPP23-for-Game-Programming.vcxproj", "{B625978D-4B01-4DAF-94F7-CE228071642E}"
EndProject
Project("{8BC9CEB8-8B4A-11D0-8D11-00A0C91BC942}") = "BuildProcces", "BuildProcces\BuildProcces.vcxproj", "{94C69B8D-DBAA-40AF-80BB-043A3B27888A}"
EndProject
Project("{8BC9CEB8-8B4A-11D0-8D11-00A0C91BC942}") = "IO", "IO\IO.vcxproj", "{B00C78DB-5A7F-4607-9AC7-D3F9230142DD}"
EndProject
Project("{8BC9CEB8-8B4A-11D0-8D11-00A0C91BC942}") = "File IO", "File IO\File IO.vcxproj", "{427FBCB4-D787-4677-B69D-255E245D20FC}"
EndProject
Project("{8BC9CEB8-8B4A-11D0-8D11-00A0C91BC942}") = "Integrals", "Integrals\Integrals.vcxproj", "{0F28A3DE-86A6-483C-8967-8ABE69D094C9}"
EndProject
Project("{8BC9CEB8-8B4A-11D0-8D11-00A0C91BC942}") = "Enums", "Enums\Enums.vcxproj", "{C2380E83-7E67-4771-BDFD-4F07CD97B131}"
EndProject
Project("{8BC9CEB8-8B4A-11D0-8D11-00A0C91BC942}") = "Floats", "Floats\Floats.vcxproj", "{FBE1FEE2-CD5C-4D3C-A452-3867469D805A}"
EndProject
Project("{8BC9CEB8-8B4A-11D0-8D11-00A0C91BC942}") = "Booleans", "Booleans\Booleans.vcxproj", "{24E9569A-4867-4FC0-9BF1-28F8CD69BF05}"
EndProject
Project("{8BC9CEB8-8B4A-11D0-8D11-00A0C91BC942}") = "Characters", "Characters\Characters.vcxproj", "{E6BCD60D-6428-4B15-9B62-58456EE63C3B}"
EndProject
Project("{8BC9CEB8-8B4A-11D0-8D11-00A0C91BC942}") = "Auto", "Auto\Auto.vcxproj", "{D7197F49-90AF-42AE-AD26-5471B56D9734}"
EndProject
Project("{8BC9CEB8-8B4A-11D0-8D11-00A0C91BC942}") = "TypeConversion", "TypeConversion\TypeConversion.vcxproj", "{BB3A9FA8-77D9-4742-8273-70CA860C814F}"
EndProject
Project("{8BC9CEB8-8B4A-11D0-8D11-00A0C91BC942}") = "SimpleCalculator", "SimpleCalculator\SimpleCalculator.vcxproj", "{B9B3F826-B751-4EFA-8615-7A56072DA912}"
EndProject
Project("{8BC9CEB8-8B4A-11D0-8D11-00A0C91BC942}") = "Pointers", "Pointers\Pointers.vcxproj", "{13E4BFF2-8894-4F7F-AAA4-F21A94B534E4}"
EndProject
Project("{8BC9CEB8-8B4A-11D0-8D11-00A0C91BC942}") = "Arrays", "Arrays\Arrays.vcxproj", "{36CAC28D-C4F3-400F-8148-C18A64A815D3}"
EndProject
Project("{8BC9CEB8-8B4A-11D0-8D11-00A0C91BC942}") = "Swap", "Swap\Swap.vcxproj", "{BE8CD1D7-3954-4757-AFA9-67D2DD00ED38}"
EndProject
Project("{8BC9CEB8-8B4A-11D0-8D11-00A0C91BC942}") = "DynamicArray", "DynamicArray\DynamicArray.vcxproj", "{03AABB3D-C2FE-454C-AD51-D356FDB45842}"
EndProject
Project("{8BC9CEB8-8B4A-11D0-8D11-00A0C91BC942}") = "SharedPointers", "SharedPointers\SharedPointers.vcxproj", "{18F1030D-A1C2-4AC8-B16B-A22034DFB09F}"
EndProject
Project("{8BC9CEB8-8B4A-11D0-8D11-00A0C91BC942}") = "UniquePointers", "UniquePointers\UniquePointers.vcxproj", "{F1C9DA24-B168-40BC-A300-B8371B47D677}"
EndProject
Project("{8BC9CEB8-8B4A-11D0-8D11-00A0C91BC942}") = "Operators", "Operators\Operators.vcxproj", "{66DB36A0-CCCD-4AC4-B9C3-969F3F3E1452}"
EndProject
Project("{8BC9CEB8-8B4A-11D0-8D11-00A0C91BC942}") = "EnhancedCalculator", "EnhancedCalculator\EnhancedCalculator.vcxproj", "{2B6DE714-7288-4A08-9D3C-AF44BA03B1F3}"
EndProject
Project("{8BC9CEB8-8B4A-11D0-8D11-00A0C91BC942}") = "BitwiseOperators", "BitwiseOperators\BitwiseOperators.vcxproj", "{270EACEA-A318-4EA3-A3C1-07B06252C12C}"
EndProject
Project("{8BC9CEB8-8B4A-11D0-8D11-00A0C91BC942}") = "FlowControl", "FlowControl\FlowControl.vcxproj", "{DF90C68E-20C2-44D5-A9E1-FAE0CEC6B03F}"
EndProject
Project("{8BC9CEB8-8B4A-11D0-8D11-00A0C91BC942}") = "BitwiseManipulation", "BitwiseManipulation\BitwiseManipulation.vcxproj", "{CA4FC225-3442-4B0C-A76D-FA105F15C127}"
EndProject
Project("{8BC9CEB8-8B4A-11D0-8D11-00A0C91BC942}") = "AreaCalculator", "AreaCalculator\AreaCalculator.vcxproj", "{9D31A35C-8759-4FFA-B50E-D32ABCE08E54}"
EndProject
Project("{8BC9CEB8-8B4A-11D0-8D11-00A0C91BC942}") = "PrimeNumber", "PrimeNumber\PrimeNumber.vcxproj", "{7BECB778-FC1D-467B-A9CE-25264945E371}"
EndProject
Project("{8BC9CEB8-8B4A-11D0-8D11-00A0C91BC942}") = "Functions", "Functions\Functions.vcxproj", "{23CBDF85-11C0-484E-9067-E6D648369843}"
EndProject
Project("{8BC9CEB8-8B4A-11D0-8D11-00A0C91BC942}") = "Factorial", "Factorial\Factorial.vcxproj", "{9D442E35-AD31-4851-B483-B132B4C9A06D}"
EndProject
Project("{8BC9CEB8-8B4A-11D0-8D11-00A0C91BC942}") = "FunctionTemplates", "FunctionTemplates\FunctionTemplates.vcxproj", "{04CF8797-8770-48D4-847F-41B8F0174DAB}"
EndProject
Global
	GlobalSection(SolutionConfigurationPlatforms) = preSolution
		Debug|x64 = Debug|x64
		Debug|x86 = Debug|x86
		Release|x64 = Release|x64
		Release|x86 = Release|x86
	EndGlobalSection
	GlobalSection(ProjectConfigurationPlatforms) = postSolution
		{B625978D-4B01-4DAF-94F7-CE228071642E}.Debug|x64.ActiveCfg = Debug|x64
		{B625978D-4B01-4DAF-94F7-CE228071642E}.Debug|x64.Build.0 = Debug|x64
		{B625978D-4B01-4DAF-94F7-CE228071642E}.Debug|x86.ActiveCfg = Debug|Win32
		{B625978D-4B01-4DAF-94F7-CE228071642E}.Debug|x86.Build.0 = Debug|Win32
		{B625978D-4B01-4DAF-94F7-CE228071642E}.Release|x64.ActiveCfg = Release|x64
		{B625978D-4B01-4DAF-94F7-CE228071642E}.Release|x64.Build.0 = Release|x64
		{B625978D-4B01-4DAF-94F7-CE228071642E}.Release|x86.ActiveCfg = Release|Win32
		{B625978D-4B01-4DAF-94F7-CE228071642E}.Release|x86.Build.0 = Release|Win32
		{94C69B8D-DBAA-40AF-80BB-043A3B27888A}.Debug|x64.ActiveCfg = Debug|x64
		{94C69B8D-DBAA-40AF-80BB-043A3B27888A}.Debug|x64.Build.0 = Debug|x64
		{94C69B8D-DBAA-40AF-80BB-043A3B27888A}.Debug|x86.ActiveCfg = Debug|Win32
		{94C69B8D-DBAA-40AF-80BB-043A3B27888A}.Debug|x86.Build.0 = Debug|Win32
		{94C69B8D-DBAA-40AF-80BB-043A3B27888A}.Release|x64.ActiveCfg = Release|x64
		{94C69B8D-DBAA-40AF-80BB-043A3B27888A}.Release|x64.Build.0 = Release|x64
		{94C69B8D-DBAA-40AF-80BB-043A3B27888A}.Release|x86.ActiveCfg = Release|Win32
		{94C69B8D-DBAA-40AF-80BB-043A3B27888A}.Release|x86.Build.0 = Release|Win32
		{B00C78DB-5A7F-4607-9AC7-D3F9230142DD}.Debug|x64.ActiveCfg = Debug|x64
		{B00C78DB-5A7F-4607-9AC7-D3F9230142DD}.Debug|x64.Build.0 = Debug|x64
		{B00C78DB-5A7F-4607-9AC7-D3F9230142DD}.Debug|x86.ActiveCfg = Debug|Win32
		{B00C78DB-5A7F-4607-9AC7-D3F9230142DD}.Debug|x86.Build.0 = Debug|Win32
		{B00C78DB-5A7F-4607-9AC7-D3F9230142DD}.Release|x64.ActiveCfg = Release|x64
		{B00C78DB-5A7F-4607-9AC7-D3F9230142DD}.Release|x64.Build.0 = Release|x64
		{B00C78DB-5A7F-4607-9AC7-D3F9230142DD}.Release|x86.ActiveCfg = Release|Win32
		{B00C78DB-5A7F-4607-9AC7-D3F9230142DD}.Release|x86.Build.0 = Release|Win32
		{427FBCB4-D787-4677-B69D-255E245D20FC}.Debug|x64.ActiveCfg = Debug|x64
		{427FBCB4-D787-4677-B69D-255E245D20FC}.Debug|x64.Build.0 = Debug|x64
		{427FBCB4-D787-4677-B69D-255E245D20FC}.Debug|x86.ActiveCfg = Debug|Win32
		{427FBCB4-D787-4677-B69D-255E245D20FC}.Debug|x86.Build.0 = Debug|Win32
		{427FBCB4-D787-4677-B69D-255E245D20FC}.Release|x64.ActiveCfg = Release|x64
		{427FBCB4-D787-4677-B69D-255E245D20FC}.Release|x64.Build.0 = Release|x64
		{427FBCB4-D787-4677-B69D-255E245D20FC}.Release|x86.ActiveCfg = Release|Win32
		{427FBCB4-D787-4677-B69D-255E245D20FC}.Release|x86.Build.0 = Release|Win32
		{0F28A3DE-86A6-483C-8967-8ABE69D094C9}.Debug|x64.ActiveCfg = Debug|x64
		{0F28A3DE-86A6-483C-8967-8ABE69D094C9}.Debug|x64.Build.0 = Debug|x64
		{0F28A3DE-86A6-483C-8967-8ABE69D094C9}.Debug|x86.ActiveCfg = Debug|Win32
		{0F28A3DE-86A6-483C-8967-8ABE69D094C9}.Debug|x86.Build.0 = Debug|Win32
		{0F28A3DE-86A6-483C-8967-8ABE69D094C9}.Release|x64.ActiveCfg = Release|x64
		{0F28A3DE-86A6-483C-8967-8ABE69D094C9}.Release|x64.Build.0 = Release|x64
		{0F28A3DE-86A6-483C-8967-8ABE69D094C9}.Release|x86.ActiveCfg = Release|Win32
		{0F28A3DE-86A6-483C-8967-8ABE69D094C9}.Release|x86.Build.0 = Release|Win32
		{C2380E83-7E67-4771-BDFD-4F07CD97B131}.Debug|x64.ActiveCfg = Debug|x64
		{C2380E83-7E67-4771-BDFD-4F07CD97B131}.Debug|x64.Build.0 = Debug|x64
		{C2380E83-7E67-4771-BDFD-4F07CD97B131}.Debug|x86.ActiveCfg = Debug|Win32
		{C2380E83-7E67-4771-BDFD-4F07CD97B131}.Debug|x86.Build.0 = Debug|Win32
		{C2380E83-7E67-4771-BDFD-4F07CD97B131}.Release|x64.ActiveCfg = Release|x64
		{C2380E83-7E67-4771-BDFD-4F07CD97B131}.Release|x64.Build.0 = Release|x64
		{C2380E83-7E67-4771-BDFD-4F07CD97B131}.Release|x86.ActiveCfg = Release|Win32
		{C2380E83-7E67-4771-BDFD-4F07CD97B131}.Release|x86.Build.0 = Release|Win32
		{FBE1FEE2-CD5C-4D3C-A452-3867469D805A}.Debug|x64.ActiveCfg = Debug|x64
		{FBE1FEE2-CD5C-4D3C-A452-3867469D805A}.Debug|x64.Build.0 = Debug|x64
		{FBE1FEE2-CD5C-4D3C-A452-3867469D805A}.Debug|x86.ActiveCfg = Debug|Win32
		{FBE1FEE2-CD5C-4D3C-A452-3867469D805A}.Debug|x86.Build.0 = Debug|Win32
		{FBE1FEE2-CD5C-4D3C-A452-3867469D805A}.Release|x64.ActiveCfg = Release|x64
		{FBE1FEE2-CD5C-4D3C-A452-3867469D805A}.Release|x64.Build.0 = Release|x64
		{FBE1FEE2-CD5C-4D3C-A452-3867469D805A}.Release|x86.ActiveCfg = Release|Win32
		{FBE1FEE2-CD5C-4D3C-A452-3867469D805A}.Release|x86.Build.0 = Release|Win32
		{24E9569A-4867-4FC0-9BF1-28F8CD69BF05}.Debug|x64.ActiveCfg = Debug|x64
		{24E9569A-4867-4FC0-9BF1-28F8CD69BF05}.Debug|x64.Build.0 = Debug|x64
		{24E9569A-4867-4FC0-9BF1-28F8CD69BF05}.Debug|x86.ActiveCfg = Debug|Win32
		{24E9569A-4867-4FC0-9BF1-28F8CD69BF05}.Debug|x86.Build.0 = Debug|Win32
		{24E9569A-4867-4FC0-9BF1-28F8CD69BF05}.Release|x64.ActiveCfg = Release|x64
		{24E9569A-4867-4FC0-9BF1-28F8CD69BF05}.Release|x64.Build.0 = Release|x64
		{24E9569A-4867-4FC0-9BF1-28F8CD69BF05}.Release|x86.ActiveCfg = Release|Win32
		{24E9569A-4867-4FC0-9BF1-28F8CD69BF05}.Release|x86.Build.0 = Release|Win32
		{E6BCD60D-6428-4B15-9B62-58456EE63C3B}.Debug|x64.ActiveCfg = Debug|x64
		{E6BCD60D-6428-4B15-9B62-58456EE63C3B}.Debug|x64.Build.0 = Debug|x64
		{E6BCD60D-6428-4B15-9B62-58456EE63C3B}.Debug|x86.ActiveCfg = Debug|Win32
		{E6BCD60D-6428-4B15-9B62-58456EE63C3B}.Debug|x86.Build.0 = Debug|Win32
		{E6BCD60D-6428-4B15-9B62-58456EE63C3B}.Release|x64.ActiveCfg = Release|x64
		{E6BCD60D-6428-4B15-9B62-58456EE63C3B}.Release|x64.Build.0 = Release|x64
		{E6BCD60D-6428-4B15-9B62-58456EE63C3B}.Release|x86.ActiveCfg = Release|Win32
		{E6BCD60D-6428-4B15-9B62-58456EE63C3B}.Release|x86.Build.0 = Release|Win32
		{D7197F49-90AF-42AE-AD26-5471B56D9734}.Debug|x64.ActiveCfg = Debug|x64
		{D7197F49-90AF-42AE-AD26-5471B56D9734}.Debug|x64.Build.0 = Debug|x64
		{D7197F49-90AF-42AE-AD26-5471B56D9734}.Debug|x86.ActiveCfg = Debug|Win32
		{D7197F49-90AF-42AE-AD26-5471B56D9734}.Debug|x86.Build.0 = Debug|Win32
		{D7197F49-90AF-42AE-AD26-5471B56D9734}.Release|x64.ActiveCfg = Release|x64
		{D7197F49-90AF-42AE-AD26-5471B56D9734}.Release|x64.Build.0 = Release|x64
		{D7197F49-90AF-42AE-AD26-5471B56D9734}.Release|x86.ActiveCfg = Release|Win32
		{D7197F49-90AF-42AE-AD26-5471B56D9734}.Release|x86.Build.0 = Release|Win32
		{BB3A9FA8-77D9-4742-8273-70CA860C814F}.Debug|x64.ActiveCfg = Debug|x64
		{BB3A9FA8-77D9-4742-8273-70CA860C814F}.Debug|x64.Build.0 = Debug|x64
		{BB3A9FA8-77D9-4742-8273-70CA860C814F}.Debug|x86.ActiveCfg = Debug|Win32
		{BB3A9FA8-77D9-4742-8273-70CA860C814F}.Debug|x86.Build.0 = Debug|Win32
		{BB3A9FA8-77D9-4742-8273-70CA860C814F}.Release|x64.ActiveCfg = Release|x64
		{BB3A9FA8-77D9-4742-8273-70CA860C814F}.Release|x64.Build.0 = Release|x64
		{BB3A9FA8-77D9-4742-8273-70CA860C814F}.Release|x86.ActiveCfg = Release|Win32
		{BB3A9FA8-77D9-4742-8273-70CA860C814F}.Release|x86.Build.0 = Release|Win32
		{B9B3F826-B751-4EFA-8615-7A56072DA912}.Debug|x64.ActiveCfg = Debug|x64
		{B9B3F826-B751-4EFA-8615-7A56072DA912}.Debug|x64.Build.0 = Debug|x64
		{B9B3F826-B751-4EFA-8615-7A56072DA912}.Debug|x86.ActiveCfg = Debug|Win32
		{B9B3F826-B751-4EFA-8615-7A56072DA912}.Debug|x86.Build.0 = Debug|Win32
		{B9B3F826-B751-4EFA-8615-7A56072DA912}.Release|x64.ActiveCfg = Release|x64
		{B9B3F826-B751-4EFA-8615-7A56072DA912}.Release|x64.Build.0 = Release|x64
		{B9B3F826-B751-4EFA-8615-7A56072DA912}.Release|x86.ActiveCfg = Release|Win32
		{B9B3F826-B751-4EFA-8615-7A56072DA912}.Release|x86.Build.0 = Release|Win32
		{13E4BFF2-8894-4F7F-AAA4-F21A94B534E4}.Debug|x64.ActiveCfg = Debug|x64
		{13E4BFF2-8894-4F7F-AAA4-F21A94B534E4}.Debug|x64.Build.0 = Debug|x64
		{13E4BFF2-8894-4F7F-AAA4-F21A94B534E4}.Debug|x86.ActiveCfg = Debug|Win32
		{13E4BFF2-8894-4F7F-AAA4-F21A94B534E4}.Debug|x86.Build.0 = Debug|Win32
		{13E4BFF2-8894-4F7F-AAA4-F21A94B534E4}.Release|x64.ActiveCfg = Release|x64
		{13E4BFF2-8894-4F7F-AAA4-F21A94B534E4}.Release|x64.Build.0 = Release|x64
		{13E4BFF2-8894-4F7F-AAA4-F21A94B534E4}.Release|x86.ActiveCfg = Release|Win32
		{13E4BFF2-8894-4F7F-AAA4-F21A94B534E4}.Release|x86.Build.0 = Release|Win32
		{36CAC28D-C4F3-400F-8148-C18A64A815D3}.Debug|x64.ActiveCfg = Debug|x64
		{36CAC28D-C4F3-400F-8148-C18A64A815D3}.Debug|x64.Build.0 = Debug|x64
		{36CAC28D-C4F3-400F-8148-C18A64A815D3}.Debug|x86.ActiveCfg = Debug|Win32
		{36CAC28D-C4F3-400F-8148-C18A64A815D3}.Debug|x86.Build.0 = Debug|Win32
		{36CAC28D-C4F3-400F-8148-C18A64A815D3}.Release|x64.ActiveCfg = Release|x64
		{36CAC28D-C4F3-400F-8148-C18A64A815D3}.Release|x64.Build.0 = Release|x64
		{36CAC28D-C4F3-400F-8148-C18A64A815D3}.Release|x86.ActiveCfg = Release|Win32
		{36CAC28D-C4F3-400F-8148-C18A64A815D3}.Release|x86.Build.0 = Release|Win32
		{BE8CD1D7-3954-4757-AFA9-67D2DD00ED38}.Debug|x64.ActiveCfg = Debug|x64
		{BE8CD1D7-3954-4757-AFA9-67D2DD00ED38}.Debug|x64.Build.0 = Debug|x64
		{BE8CD1D7-3954-4757-AFA9-67D2DD00ED38}.Debug|x86.ActiveCfg = Debug|Win32
		{BE8CD1D7-3954-4757-AFA9-67D2DD00ED38}.Debug|x86.Build.0 = Debug|Win32
		{BE8CD1D7-3954-4757-AFA9-67D2DD00ED38}.Release|x64.ActiveCfg = Release|x64
		{BE8CD1D7-3954-4757-AFA9-67D2DD00ED38}.Release|x64.Build.0 = Release|x64
		{BE8CD1D7-3954-4757-AFA9-67D2DD00ED38}.Release|x86.ActiveCfg = Release|Win32
		{BE8CD1D7-3954-4757-AFA9-67D2DD00ED38}.Release|x86.Build.0 = Release|Win32
		{03AABB3D-C2FE-454C-AD51-D356FDB45842}.Debug|x64.ActiveCfg = Debug|x64
		{03AABB3D-C2FE-454C-AD51-D356FDB45842}.Debug|x64.Build.0 = Debug|x64
		{03AABB3D-C2FE-454C-AD51-D356FDB45842}.Debug|x86.ActiveCfg = Debug|Win32
		{03AABB3D-C2FE-454C-AD51-D356FDB45842}.Debug|x86.Build.0 = Debug|Win32
		{03AABB3D-C2FE-454C-AD51-D356FDB45842}.Release|x64.ActiveCfg = Release|x64
		{03AABB3D-C2FE-454C-AD51-D356FDB45842}.Release|x64.Build.0 = Release|x64
		{03AABB3D-C2FE-454C-AD51-D356FDB45842}.Release|x86.ActiveCfg = Release|Win32
		{03AABB3D-C2FE-454C-AD51-D356FDB45842}.Release|x86.Build.0 = Release|Win32
		{18F1030D-A1C2-4AC8-B16B-A22034DFB09F}.Debug|x64.ActiveCfg = Debug|x64
		{18F1030D-A1C2-4AC8-B16B-A22034DFB09F}.Debug|x64.Build.0 = Debug|x64
		{18F1030D-A1C2-4AC8-B16B-A22034DFB09F}.Debug|x86.ActiveCfg = Debug|Win32
		{18F1030D-A1C2-4AC8-B16B-A22034DFB09F}.Debug|x86.Build.0 = Debug|Win32
		{18F1030D-A1C2-4AC8-B16B-A22034DFB09F}.Release|x64.ActiveCfg = Release|x64
		{18F1030D-A1C2-4AC8-B16B-A22034DFB09F}.Release|x64.Build.0 = Release|x64
		{18F1030D-A1C2-4AC8-B16B-A22034DFB09F}.Release|x86.ActiveCfg = Release|Win32
		{18F1030D-A1C2-4AC8-B16B-A22034DFB09F}.Release|x86.Build.0 = Release|Win32
		{F1C9DA24-B168-40BC-A300-B8371B47D677}.Debug|x64.ActiveCfg = Debug|x64
		{F1C9DA24-B168-40BC-A300-B8371B47D677}.Debug|x64.Build.0 = Debug|x64
		{F1C9DA24-B168-40BC-A300-B8371B47D677}.Debug|x86.ActiveCfg = Debug|Win32
		{F1C9DA24-B168-40BC-A300-B8371B47D677}.Debug|x86.Build.0 = Debug|Win32
		{F1C9DA24-B168-40BC-A300-B8371B47D677}.Release|x64.ActiveCfg = Release|x64
		{F1C9DA24-B168-40BC-A300-B8371B47D677}.Release|x64.Build.0 = Release|x64
		{F1C9DA24-B168-40BC-A300-B8371B47D677}.Release|x86.ActiveCfg = Release|Win32
		{F1C9DA24-B168-40BC-A300-B8371B47D677}.Release|x86.Build.0 = Release|Win32
		{66DB36A0-CCCD-4AC4-B9C3-969F3F3E1452}.Debug|x64.ActiveCfg = Debug|x64
		{66DB36A0-CCCD-4AC4-B9C3-969F3F3E1452}.Debug|x64.Build.0 = Debug|x64
		{66DB36A0-CCCD-4AC4-B9C3-969F3F3E1452}.Debug|x86.ActiveCfg = Debug|Win32
		{66DB36A0-CCCD-4AC4-B9C3-969F3F3E1452}.Debug|x86.Build.0 = Debug|Win32
		{66DB36A0-CCCD-4AC4-B9C3-969F3F3E1452}.Release|x64.ActiveCfg = Release|x64
		{66DB36A0-CCCD-4AC4-B9C3-969F3F3E1452}.Release|x64.Build.0 = Release|x64
		{66DB36A0-CCCD-4AC4-B9C3-969F3F3E1452}.Release|x86.ActiveCfg = Release|Win32
		{66DB36A0-CCCD-4AC4-B9C3-969F3F3E1452}.Release|x86.Build.0 = Release|Win32
		{2B6DE714-7288-4A08-9D3C-AF44BA03B1F3}.Debug|x64.ActiveCfg = Debug|x64
		{2B6DE714-7288-4A08-9D3C-AF44BA03B1F3}.Debug|x64.Build.0 = Debug|x64
		{2B6DE714-7288-4A08-9D3C-AF44BA03B1F3}.Debug|x86.ActiveCfg = Debug|Win32
		{2B6DE714-7288-4A08-9D3C-AF44BA03B1F3}.Debug|x86.Build.0 = Debug|Win32
		{2B6DE714-7288-4A08-9D3C-AF44BA03B1F3}.Release|x64.ActiveCfg = Release|x64
		{2B6DE714-7288-4A08-9D3C-AF44BA03B1F3}.Release|x64.Build.0 = Release|x64
		{2B6DE714-7288-4A08-9D3C-AF44BA03B1F3}.Release|x86.ActiveCfg = Release|Win32
		{2B6DE714-7288-4A08-9D3C-AF44BA03B1F3}.Release|x86.Build.0 = Release|Win32
		{270EACEA-A318-4EA3-A3C1-07B06252C12C}.Debug|x64.ActiveCfg = Debug|x64
		{270EACEA-A318-4EA3-A3C1-07B06252C12C}.Debug|x64.Build.0 = Debug|x64
		{270EACEA-A318-4EA3-A3C1-07B06252C12C}.Debug|x86.ActiveCfg = Debug|Win32
		{270EACEA-A318-4EA3-A3C1-07B06252C12C}.Debug|x86.Build.0 = Debug|Win32
		{270EACEA-A318-4EA3-A3C1-07B06252C12C}.Release|x64.ActiveCfg = Release|x64
		{270EACEA-A318-4EA3-A3C1-07B06252C12C}.Release|x64.Build.0 = Release|x64
		{270EACEA-A318-4EA3-A3C1-07B06252C12C}.Release|x86.ActiveCfg = Release|Win32
		{270EACEA-A318-4EA3-A3C1-07B06252C12C}.Release|x86.Build.0 = Release|Win32
		{DF90C68E-20C2-44D5-A9E1-FAE0CEC6B03F}.Debug|x64.ActiveCfg = Debug|x64
		{DF90C68E-20C2-44D5-A9E1-FAE0CEC6B03F}.Debug|x64.Build.0 = Debug|x64
		{DF90C68E-20C2-44D5-A9E1-FAE0CEC6B03F}.Debug|x86.ActiveCfg = Debug|Win32
		{DF90C68E-20C2-44D5-A9E1-FAE0CEC6B03F}.Debug|x86.Build.0 = Debug|Win32
		{DF90C68E-20C2-44D5-A9E1-FAE0CEC6B03F}.Release|x64.ActiveCfg = Release|x64
		{DF90C68E-20C2-44D5-A9E1-FAE0CEC6B03F}.Release|x64.Build.0 = Release|x64
		{DF90C68E-20C2-44D5-A9E1-FAE0CEC6B03F}.Release|x86.ActiveCfg = Release|Win32
		{DF90C68E-20C2-44D5-A9E1-FAE0CEC6B03F}.Release|x86.Build.0 = Release|Win32
		{CA4FC225-3442-4B0C-A76D-FA105F15C127}.Debug|x64.ActiveCfg = Debug|x64
		{CA4FC225-3442-4B0C-A76D-FA105F15C127}.Debug|x64.Build.0 = Debug|x64
		{CA4FC225-3442-4B0C-A76D-FA105F15C127}.Debug|x86.ActiveCfg = Debug|Win32
		{CA4FC225-3442-4B0C-A76D-FA105F15C127}.Debug|x86.Build.0 = Debug|Win32
		{CA4FC225-3442-4B0C-A76D-FA105F15C127}.Release|x64.ActiveCfg = Release|x64
		{CA4FC225-3442-4B0C-A76D-FA105F15C127}.Release|x64.Build.0 = Release|x64
		{CA4FC225-3442-4B0C-A76D-FA105F15C127}.Release|x86.ActiveCfg = Release|Win32
		{CA4FC225-3442-4B0C-A76D-FA105F15C127}.Release|x86.Build.0 = Release|Win32
		{9D31A35C-8759-4FFA-B50E-D32ABCE08E54}.Debug|x64.ActiveCfg = Debug|x64
		{9D31A35C-8759-4FFA-B50E-D32ABCE08E54}.Debug|x64.Build.0 = Debug|x64
		{9D31A35C-8759-4FFA-B50E-D32ABCE08E54}.Debug|x86.ActiveCfg = Debug|Win32
		{9D31A35C-8759-4FFA-B50E-D32ABCE08E54}.Debug|x86.Build.0 = Debug|Win32
		{9D31A35C-8759-4FFA-B50E-D32ABCE08E54}.Release|x64.ActiveCfg = Release|x64
		{9D31A35C-8759-4FFA-B50E-D32ABCE08E54}.Release|x64.Build.0 = Release|x64
		{9D31A35C-8759-4FFA-B50E-D32ABCE08E54}.Release|x86.ActiveCfg = Release|Win32
		{9D31A35C-8759-4FFA-B50E-D32ABCE08E54}.Release|x86.Build.0 = Release|Win32
		{7BECB778-FC1D-467B-A9CE-25264945E371}.Debug|x64.ActiveCfg = Debug|x64
		{7BECB778-FC1D-467B-A9CE-25264945E371}.Debug|x64.Build.0 = Debug|x64
		{7BECB778-FC1D-467B-A9CE-25264945E371}.Debug|x86.ActiveCfg = Debug|Win32
		{7BECB778-FC1D-467B-A9CE-25264945E371}.Debug|x86.Build.0 = Debug|Win32
		{7BECB778-FC1D-467B-A9CE-25264945E371}.Release|x64.ActiveCfg = Release|x64
		{7BECB778-FC1D-467B-A9CE-25264945E371}.Release|x64.Build.0 = Release|x64
		{7BECB778-FC1D-467B-A9CE-25264945E371}.Release|x86.ActiveCfg = Release|Win32
		{7BECB778-FC1D-467B-A9CE-25264945E371}.Release|x86.Build.0 = Release|Win32
		{23CBDF85-11C0-484E-9067-E6D648369843}.Debug|x64.ActiveCfg = Debug|x64
		{23CBDF85-11C0-484E-9067-E6D648369843}.Debug|x64.Build.0 = Debug|x64
		{23CBDF85-11C0-484E-9067-E6D648369843}.Debug|x86.ActiveCfg = Debug|Win32
		{23CBDF85-11C0-484E-9067-E6D648369843}.Debug|x86.Build.0 = Debug|Win32
		{23CBDF85-11C0-484E-9067-E6D648369843}.Release|x64.ActiveCfg = Release|x64
		{23CBDF85-11C0-484E-9067-E6D648369843}.Release|x64.Build.0 = Release|x64
		{23CBDF85-11C0-484E-9067-E6D648369843}.Release|x86.ActiveCfg = Release|Win32
		{23CBDF85-11C0-484E-9067-E6D648369843}.Release|x86.Build.0 = Release|Win32
		{9D442E35-AD31-4851-B483-B132B4C9A06D}.Debug|x64.ActiveCfg = Debug|x64
		{9D442E35-AD31-4851-B483-B132B4C9A06D}.Debug|x64.Build.0 = Debug|x64
		{9D442E35-AD31-4851-B483-B132B4C9A06D}.Debug|x86.ActiveCfg = Debug|Win32
		{9D442E35-AD31-4851-B483-B132B4C9A06D}.Debug|x86.Build.0 = Debug|Win32
		{9D442E35-AD31-4851-B483-B132B4C9A06D}.Release|x64.ActiveCfg = Release|x64
		{9D442E35-AD31-4851-B483-B132B4C9A06D}.Release|x64.Build.0 = Release|x64
		{9D442E35-AD31-4851-B483-B132B4C9A06D}.Release|x86.ActiveCfg = Release|Win32
		{9D442E35-AD31-4851-B483-B132B4C9A06D}.Release|x86.Build.0 = Release|Win32
		{04CF8797-8770-48D4-847F-41B8F0174DAB}.Debug|x64.ActiveCfg = Debug|x64
		{04CF8797-8770-48D4-847F-41B8F0174DAB}.Debug|x64.Build.0 = Debug|x64
		{04CF8797-8770-48D4-847F-41B8F0174DAB}.Debug|x86.ActiveCfg = Debug|Win32
		{04CF8797-8770-48D4-847F-41B8F0174DAB}.Debug|x86.Build.0 = Debug|Win32
		{04CF8797-8770-48D4-847F-41B8F0174DAB}.Release|x64.ActiveCfg = Release|x64
		{04CF8797-8770-48D4-847F-41B8F0174DAB}.Release|x64.Build.0 = Release|x64
		{04CF8797-8770-48D4-847F-41B8F0174DAB}.Release|x86.ActiveCfg = Release|Win32
		{04CF8797-8770-48D4-847F-41B8F0174DAB}.Release|x86.Build.0 = Release|Win32
	EndGlobalSection
	GlobalSection(SolutionProperties) = preSolution
		HideSolutionNode = FALSE
	EndGlobalSection
	GlobalSection(ExtensibilityGlobals) = postSolution
		SolutionGuid = {18FAC4F0-C9B8-48D2-9D3D-4E50D4CE37CF}
	EndGlobalSection
EndGlobal
