
Microsoft Visual Studio Solution File, Format Version 12.00
# Visual Studio Version 17
VisualStudioVersion = 17.14.36915.13
MinimumVisualStudioVersion = 10.0.40219.1
Project("{8BC9CEB8-8B4A-11D0-8D11-00A0C91BC942}") = "CPP23-for-Game-Programming", "CPP23-for-Game-Programming.vcxproj", "{B625978D-4B01-4DAF-94F7-CE228071642E}"
EndProject
Project("{8BC9CEB8-8B4A-11D0-8D11-00A0C91BC942}") = "BuildProcces", "BuildProcces\BuildProcces.vcxproj", "{94C69B8D-DBAA-40AF-80BB-043A3B27888A}"
EndProject
Project("{8BC9CEB8-8B4A-11D0-8D11-00A0C91BC942}") = "IO", "IO\IO.vcxproj", "{B00C78DB-5A7F-4607-9AC7-D3F9230142DD}"
EndProject
Project("{8BC9CEB8-8B4A-11D0-8D11-00A0C91BC942}") = "File IO", "File IO\File IO.vcxproj", "{427FBCB4-D787-4677-B69D-255E245D20FC}"
EndProject
Project("{8BC9CEB8-8B4A-11D0-8D11-00A0C91BC942}") = "Integrals", "Integrals\Integrals.vcxproj", "{0F28A3DE-86A6-483C-8967-8ABE69D094C9}"
EndProject
Project("{8BC9CEB8-8B4A-11D0-8D11-00A0C91BC942}") = "Enums", "Enums\Enums.vcxproj", "{C2380E83-7E67-4771-BDFD-4F07CD97B131}"
EndProject
Project("{8BC9CEB8-8B4A-11D0-8D11-00A0C91BC942}") = "Floats", "Floats\Floats.vcxproj", "{FBE1FEE2-CD5C-4D3C-A452-3867469D805A}"
EndProject
Project("{8BC9CEB8-8B4A-11D0-8D11-00A0C91BC942}") = "Booleans", "Booleans\Booleans.vcxproj", "{24E9569A-4867-4FC0-9BF1-28F8CD69BF05}"
EndProject
Project("{8BC9CEB8-8B4A-11D0-8D11-00A0C91BC942}") = "Characters", "Characters\Characters.vcxproj", "{E6BCD60D-6428-4B15-9B62-58456EE63C3B}"
EndProject
Project("{8BC9CEB8-8B4A-11D0-8D11-00A0C91BC942}") = "Auto", "Auto\Auto.vcxproj", "{D7197F49-90AF-42AE-AD26-5471B56D9734}"
EndProject
Project("{8BC9CEB8-8B4A-11D0-8D11-00A0C91BC942}") = "TypeConversion", "TypeConversion\TypeConversion.vcxproj", "{BB3A9FA8-77D9-4742-8273-70CA860C814F}"
EndProject
Project("{8BC9CEB8-8B4A-11D0-8D11-00A0C91BC942}") = "SimpleCalculator", "SimpleCalculator\SimpleCalculator.vcxproj", "{B9B3F826-B751-4EFA-8615-7A56072DA912}"
EndProject
Global
	GlobalSection(SolutionConfigurationPlatforms) = preSolution
		Debug|x64 = Debug|x64
		Debug|x86 = Debug|x86
		Release|x64 = Release|x64
		Release|x86 = Release|x86
	EndGlobalSection
	GlobalSection(ProjectConfigurationPlatforms) = postSolution
		{B625978D-4B01-4DAF-94F7-CE228071642E}.Debug|x64.ActiveCfg = Debug|x64
		{B625978D-4B01-4DAF-94F7-CE228071642E}.Debug|x64.Build.0 = Debug|x64
		{B625978D-4B01-4DAF-94F7-CE228071642E}.Debug|x86.ActiveCfg = Debug|Win32
		{B625978D-4B01-4DAF-94F7-CE228071642E}.Debug|x86.Build.0 = Debug|Win32
		{B625978D-4B01-4DAF-94F7-CE228071642E}.Release|x64.ActiveCfg = Release|x64
		{B625978D-4B01-4DAF-94F7-CE228071642E}.Release|x64.Build.0 = Release|x64
		{B625978D-4B01-4DAF-94F7-CE228071642E}.Release|x86.ActiveCfg = Release|Win32
		{B625978D-4B01-4DAF-94F7-CE228071642E}.Release|x86.Build.0 = Release|Win32
		{94C69B8D-DBAA-40AF-80BB-043A3B27888A}.Debug|x64.ActiveCfg = Debug|x64
		{94C69B8D-DBAA-40AF-80BB-043A3B27888A}.Debug|x64.Build.0 = Debug|x64
		{94C69B8D-DBAA-40AF-80BB-043A3B27888A}.Debug|x86.ActiveCfg = Debug|Win32
		{94C69B8D-DBAA-40AF-80BB-043A3B27888A}.Debug|x86.Build.0 = Debug|Win32
		{94C69B8D-DBAA-40AF-80BB-043A3B27888A}.Release|x64.ActiveCfg = Release|x64
		{94C69B8D-DBAA-40AF-80BB-043A3B27888A}.Release|x64.Build.0 = Release|x64
		{94C69B8D-DBAA-40AF-80BB-043A3B27888A}.Release|x86.ActiveCfg = Release|Win32
		{94C69B8D-DBAA-40AF-80BB-043A3B27888A}.Release|x86.Build.0 = Release|Win32
		{B00C78DB-5A7F-4607-9AC7-D3F9230142DD}.Debug|x64.ActiveCfg = Debug|x64
		{B00C78DB-5A7F-4607-9AC7-D3F9230142DD}.Debug|x64.Build.0 = Debug|x64
		{B00C78DB-5A7F-4607-9AC7-D3F9230142DD}.Debug|x86.ActiveCfg = Debug|Win32
		{B00C78DB-5A7F-4607-9AC7-D3F9230142DD}.Debug|x86.Build.0 = Debug|Win32
		{B00C78DB-5A7F-4607-9AC7-D3F9230142DD}.Release|x64.ActiveCfg = Release|x64
		{B00C78DB-5A7F-4607-9AC7-D3F9230142DD}.Release|x64.Build.0 = Release|x64
		{B00C78DB-5A7F-4607-9AC7-D3F9230142DD}.Release|x86.ActiveCfg = Release|Win32
		{B00C78DB-5A7F-4607-9AC7-D3F9230142DD}.Release|x86.Build.0 = Release|Win32
		{427FBCB4-D787-4677-B69D-255E245D20FC}.Debug|x64.ActiveCfg = Debug|x64
		{427FBCB4-D787-4677-B69D-255E245D20FC}.Debug|x64.Build.0 = Debug|x64
		{427FBCB4-D787-4677-B69D-255E245D20FC}.Debug|x86.ActiveCfg = Debug|Win32
		{427FBCB4-D787-4677-B69D-255E245D20FC}.Debug|x86.Build.0 = Debug|Win32
		{427FBCB4-D787-4677-B69D-255E245D20FC}.Release|x64.ActiveCfg = Release|x64
		{427FBCB4-D787-4677-B69D-255E245D20FC}.Release|x64.Build.0 = Release|x64
		{427FBCB4-D787-4677-B69D-255E245D20FC}.Release|x86.ActiveCfg = Release|Win32
		{427FBCB4-D787-4677-B69D-255E245D20FC}.Release|x86.Build.0 = Release|Win32
		{0F28A3DE-86A6-483C-8967-8ABE69D094C9}.Debug|x64.ActiveCfg = Debug|x64
		{0F28A3DE-86A6-483C-8967-8ABE69D094C9}.Debug|x64.Build.0 = Debug|x64
		{0F28A3DE-86A6-483C-8967-8ABE69D094C9}.Debug|x86.ActiveCfg = Debug|Win32
		{0F28A3DE-86A6-483C-8967-8ABE69D094C9}.Debug|x86.Build.0 = Debug|Win32
		{0F28A3DE-86A6-483C-8967-8ABE69D094C9}.Release|x64.ActiveCfg = Release|x64
		{0F28A3DE-86A6-483C-8967-8ABE69D094C9}.Release|x64.Build.0 = Release|x64
		{0F28A3DE-86A6-483C-8967-8ABE69D094C9}.Release|x86.ActiveCfg = Release|Win32
		{0F28A3DE-86A6-483C-8967-8ABE69D094C9}.Release|x86.Build.0 = Release|Win32
		{C2380E83-7E67-4771-BDFD-4F07CD97B131}.Debug|x64.ActiveCfg = Debug|x64
		{C2380E83-7E67-4771-BDFD-4F07CD97B131}.Debug|x64.Build.0 = Debug|x64
		{C2380E83-7E67-4771-BDFD-4F07CD97B131}.Debug|x86.ActiveCfg = Debug|Win32
		{C2380E83-7E67-4771-BDFD-4F07CD97B131}.Debug|x86.Build.0 = Debug|Win32
		{C2380E83-7E67-4771-BDFD-4F07CD97B131}.Release|x64.ActiveCfg = Release|x64
		{C2380E83-7E67-4771-BDFD-4F07CD97B131}.Release|x64.Build.0 = Release|x64
		{C2380E83-7E67-4771-BDFD-4F07CD97B131}.Release|x86.ActiveCfg = Release|Win32
		{C2380E83-7E67-4771-BDFD-4F07CD97B131}.Release|x86.Build.0 = Release|Win32
		{FBE1FEE2-CD5C-4D3C-A452-3867469D805A}.Debug|x64.ActiveCfg = Debug|x64
		{FBE1FEE2-CD5C-4D3C-A452-3867469D805A}.Debug|x64.Build.0 = Debug|x64
		{FBE1FEE2-CD5C-4D3C-A452-3867469D805A}.Debug|x86.ActiveCfg = Debug|Win32
		{FBE1FEE2-CD5C-4D3C-A452-3867469D805A}.Debug|x86.Build.0 = Debug|Win32
		{FBE1FEE2-CD5C-4D3C-A452-3867469D805A}.Release|x64.ActiveCfg = Release|x64
		{FBE1FEE2-CD5C-4D3C-A452-3867469D805A}.Release|x64.Build.0 = Release|x64
		{FBE1FEE2-CD5C-4D3C-A452-3867469D805A}.Release|x86.ActiveCfg = Release|Win32
		{FBE1FEE2-CD5C-4D3C-A452-3867469D805A}.Release|x86.Build.0 = Release|Win32
		{24E9569A-4867-4FC0-9BF1-28F8CD69BF05}.Debug|x64.ActiveCfg = Debug|x64
		{24E9569A-4867-4FC0-9BF1-28F8CD69BF05}.Debug|x64.Build.0 = Debug|x64
		{24E9569A-4867-4FC0-9BF1-28F8CD69BF05}.Debug|x86.ActiveCfg = Debug|Win32
		{24E9569A-4867-4FC0-9BF1-28F8CD69BF05}.Debug|x86.Build.0 = Debug|Win32
		{24E9569A-4867-4FC0-9BF1-28F8CD69BF05}.Release|x64.ActiveCfg = Release|x64
		{24E9569A-4867-4FC0-9BF1-28F8CD69BF05}.Release|x64.Build.0 = Release|x64
		{24E9569A-4867-4FC0-9BF1-28F8CD69BF05}.Release|x86.ActiveCfg = Release|Win32
		{24E9569A-4867-4FC0-9BF1-28F8CD69BF05}.Release|x86.Build.0 = Release|Win32
		{E6BCD60D-6428-4B15-9B62-58456EE63C3B}.Debug|x64.ActiveCfg = Debug|x64
		{E6BCD60D-6428-4B15-9B62-58456EE63C3B}.Debug|x64.Build.0 = Debug|x64
		{E6BCD60D-6428-4B15-9B62-58456EE63C3B}.Debug|x86.ActiveCfg = Debug|Win32
		{E6BCD60D-6428-4B15-9B62-58456EE63C3B}.Debug|x86.Build.0 = Debug|Win32
		{E6BCD60D-6428-4B15-9B62-58456EE63C3B}.Release|x64.ActiveCfg = Release|x64
		{E6BCD60D-6428-4B15-9B62-58456EE63C3B}.Release|x64.Build.0 = Release|x64
		{E6BCD60D-6428-4B15-9B62-58456EE63C3B}.Release|x86.ActiveCfg = Release|Win32
		{E6BCD60D-6428-4B15-9B62-58456EE63C3B}.Release|x86.Build.0 = Release|Win32
		{D7197F49-90AF-42AE-AD26-5471B56D9734}.Debug|x64.ActiveCfg = Debug|x64
		{D7197F49-90AF-42AE-AD26-5471B56D9734}.Debug|x64.Build.0 = Debug|x64
		{D7197F49-90AF-42AE-AD26-5471B56D9734}.Debug|x86.ActiveCfg = Debug|Win32
		{D7197F49-90AF-42AE-AD26-5471B56D9734}.Debug|x86.Build.0 = Debug|Win32
		{D7197F49-90AF-42AE-AD26-5471B56D9734}.Release|x64.ActiveCfg = Release|x64
		{D7197F49-90AF-42AE-AD26-5471B56D9734}.Release|x64.Build.0 = Release|x64
		{D7197F49-90AF-42AE-AD26-5471B56D9734}.Release|x86.ActiveCfg = Release|Win32
		{D7197F49-90AF-42AE-AD26-5471B56D9734}.Release|x86.Build.0 = Release|Win32
		{BB3A9FA8-77D9-4742-8273-70CA860C814F}.Debug|x64.ActiveCfg = Debug|x64
		{BB3A9FA8-77D9-4742-8273-70CA860C814F}.Debug|x64.Build.0 = Debug|x64
		{BB3A9FA8-77D9-4742-8273-70CA860C814F}.Debug|x86.ActiveCfg = Debug|Win32
		{BB3A9FA8-77D9-4742-8273-70CA860C814F}.Debug|x86.Build.0 = Debug|Win32
		{BB3A9FA8-77D9-4742-8273-70CA860C814F}.Release|x64.ActiveCfg = Release|x64
		{BB3A9FA8-77D9-4742-8273-70CA860C814F}.Release|x64.Build.0 = Release|x64
		{BB3A9FA8-77D9-4742-8273-70CA860C814F}.Release|x86.ActiveCfg = Release|Win32
		{BB3A9FA8-77D9-4742-8273-70CA860C814F}.Release|x86.Build.0 = Release|Win32
		{B9B3F826-B751-4EFA-8615-7A56072DA912}.Debug|x64.ActiveCfg = Debug|x64
		{B9B3F826-B751-4EFA-8615-7A56072DA912}.Debug|x64.Build.0 = Debug|x64
		{B9B3F826-B751-4EFA-8615-7A56072DA912}.Debug|x86.ActiveCfg = Debug|Win32
		{B9B3F826-B751-4EFA-8615-7A56072DA912}.Debug|x86.Build.0 = Debug|Win32
		{B9B3F826-B751-4EFA-8615-7A56072DA912}.Release|x64.ActiveCfg = Release|x64
		{B9B3F826-B751-4EFA-8615-7A56072DA912}.Release|x64.Build.0 = Release|x64
		{B9B3F826-B751-4EFA-8615-7A56072DA912}.Release|x86.ActiveCfg = Release|Win32
		{B9B3F826-B751-4EFA-8615-7A56072DA912}.Release|x86.Build.0 = Release|Win32
	EndGlobalSection
	GlobalSection(SolutionProperties) = preSolution
		HideSolutionNode = FALSE
	EndGlobalSection
	GlobalSection(ExtensibilityGlobals) = postSolution
		SolutionGuid = {18FAC4F0-C9B8-48D2-9D3D-4E50D4CE37CF}
	EndGlobalSection
EndGlobal
